
Microsoft Visual Studio Solution File, Format Version 12.00
# Visual Studio Version 17
VisualStudioVersion = 17.4.33213.308
MinimumVisualStudioVersion = 10.0.40219.1
Project("{9A19103F-16F7-4668-BE54-9A1E7A4F7556}") = "QRSplit", "QRCoder\QRSplit.csproj", "{821170F0-2734-4CE9-A781-2AA7ECC12B03}"
EndProject
Global
	GlobalSection(SolutionConfigurationPlatforms) = preSolution
		Debug|Any CPU = Debug|Any CPU
		Release|Any CPU = Release|Any CPU
	EndGlobalSection
	GlobalSection(ProjectConfigurationPlatforms) = postSolution
		{821170F0-2734-4CE9-A781-2AA7ECC12B03}.Debug|Any CPU.ActiveCfg = Debug|Any CPU
		{821170F0-2734-4CE9-A781-2AA7ECC12B03}.Debug|Any CPU.Build.0 = Debug|Any CPU
		{821170F0-2734-4CE9-A781-2AA7ECC12B03}.Release|Any CPU.ActiveCfg = Release|Any CPU
		{821170F0-2734-4CE9-A781-2AA7ECC12B03}.Release|Any CPU.Build.0 = Release|Any CPU
	EndGlobalSection
	GlobalSection(SolutionProperties) = preSolution
		HideSolutionNode = FALSE
	EndGlobalSection
	GlobalSection(ExtensibilityGlobals) = postSolution
		SolutionGuid = {2B7E5AEA-19A1-424A-8450-58DF4ADB5407}
	EndGlobalSection
EndGlobal
